
Microsoft Visual Studio Solution File, Format Version 12.00
# Visual Studio Version 17
VisualStudioVersion = 17.5.002.0
MinimumVisualStudioVersion = 10.0.40219.1
Project("{9A19103F-16F7-4668-BE54-9A1E7A4F7556}") = "ChatApp", "ChatApp.csproj", "{1E8C43D7-319A-4D22-BA88-94F01EAD036F}"
EndProject
Project("{2150E333-8FDC-42A3-9474-1A3956D46DE8}") = "Solution Items", "Solution Items", "{7782BFB5-76FC-4E75-A535-ABE2A64DFF70}"
	ProjectSection(SolutionItems) = preProject
		docker-compose.yml = docker-compose.yml
	EndProjectSection
EndProject
Global
	GlobalSection(SolutionConfigurationPlatforms) = preSolution
		Debug|Any CPU = Debug|Any CPU
		Release|Any CPU = Release|Any CPU
	EndGlobalSection
	GlobalSection(ProjectConfigurationPlatforms) = postSolution
		{1E8C43D7-319A-4D22-BA88-94F01EAD036F}.Debug|Any CPU.ActiveCfg = Debug|Any CPU
		{1E8C43D7-319A-4D22-BA88-94F01EAD036F}.Debug|Any CPU.Build.0 = Debug|Any CPU
		{1E8C43D7-319A-4D22-BA88-94F01EAD036F}.Release|Any CPU.ActiveCfg = Release|Any CPU
		{1E8C43D7-319A-4D22-BA88-94F01EAD036F}.Release|Any CPU.Build.0 = Release|Any CPU
	EndGlobalSection
	GlobalSection(SolutionProperties) = preSolution
		HideSolutionNode = FALSE
	EndGlobalSection
	GlobalSection(ExtensibilityGlobals) = postSolution
		SolutionGuid = {0848CAC8-4238-4CB4-9941-AF00A0385932}
	EndGlobalSection
EndGlobal
